
Microsoft Visual Studio Solution File, Format Version 12.00
# Visual Studio 15
VisualStudioVersion = 15.0.27130.2026
MinimumVisualStudioVersion = 10.0.40219.1
Project("{8BC9CEB8-8B4A-11D0-8D11-00A0C91BC942}") = "JulianaNFC", "JulianaNFC.vcxproj", "{71B2B17F-9C7B-4834-9751-C4FF5BBF0275}"
EndProject
Project("{54435603-DBB4-11D2-8724-00A0C9A8B90C}") = "JulianaNFC-installer", "JulianaNFC-installer.vdproj", "{31D607B2-B273-4963-A1FD-7AFD3B21218D}"
EndProject
Global
	GlobalSection(SolutionConfigurationPlatforms) = preSolution
		Debug|x64 = Debug|x64
		Debug|x86 = Debug|x86
		Release|x64 = Release|x64
		Release|x86 = Release|x86
	EndGlobalSection
	GlobalSection(ProjectConfigurationPlatforms) = postSolution
		{71B2B17F-9C7B-4834-9751-C4FF5BBF0275}.Debug|x64.ActiveCfg = Debug|x64
		{71B2B17F-9C7B-4834-9751-C4FF5BBF0275}.Debug|x64.Build.0 = Debug|x64
		{71B2B17F-9C7B-4834-9751-C4FF5BBF0275}.Debug|x86.ActiveCfg = Debug|Win32
		{71B2B17F-9C7B-4834-9751-C4FF5BBF0275}.Debug|x86.Build.0 = Debug|Win32
		{71B2B17F-9C7B-4834-9751-C4FF5BBF0275}.Release|x64.ActiveCfg = Release|x64
		{71B2B17F-9C7B-4834-9751-C4FF5BBF0275}.Release|x64.Build.0 = Release|x64
		{71B2B17F-9C7B-4834-9751-C4FF5BBF0275}.Release|x86.ActiveCfg = Release|Win32
		{71B2B17F-9C7B-4834-9751-C4FF5BBF0275}.Release|x86.Build.0 = Release|Win32
		{31D607B2-B273-4963-A1FD-7AFD3B21218D}.Debug|x64.ActiveCfg = Debug
		{31D607B2-B273-4963-A1FD-7AFD3B21218D}.Debug|x64.Build.0 = Debug
		{31D607B2-B273-4963-A1FD-7AFD3B21218D}.Debug|x86.ActiveCfg = Debug
		{31D607B2-B273-4963-A1FD-7AFD3B21218D}.Debug|x86.Build.0 = Debug
		{31D607B2-B273-4963-A1FD-7AFD3B21218D}.Release|x64.ActiveCfg = Release
		{31D607B2-B273-4963-A1FD-7AFD3B21218D}.Release|x64.Build.0 = Release
		{31D607B2-B273-4963-A1FD-7AFD3B21218D}.Release|x86.ActiveCfg = Release
		{31D607B2-B273-4963-A1FD-7AFD3B21218D}.Release|x86.Build.0 = Release
	EndGlobalSection
	GlobalSection(SolutionProperties) = preSolution
		HideSolutionNode = FALSE
	EndGlobalSection
	GlobalSection(ExtensibilityGlobals) = postSolution
		SolutionGuid = {70EF601B-27DC-455C-93DB-C4234ABAB71E}
	EndGlobalSection
EndGlobal
